// !$*UTF8*$!
{
	archiveVersion = 1;
	classes = {
	};
	objectVersion = 46;
	objects = {

/* Begin PBXBuildFile section */
		186D098519B7C4BC0044C3BB /* Foundation.framework in Frameworks */ = {isa = PBXBuildFile; fileRef = 186D098419B7C4BC0044C3BB /* Foundation.framework */; };
		186D098719B7C4BC0044C3BB /* CoreGraphics.framework in Frameworks */ = {isa = PBXBuildFile; fileRef = 186D098619B7C4BC0044C3BB /* CoreGraphics.framework */; };
		186D098919B7C4BC0044C3BB /* UIKit.framework in Frameworks */ = {isa = PBXBuildFile; fileRef = 186D098819B7C4BC0044C3BB /* UIKit.framework */; };
		186D098F19B7C4BC0044C3BB /* InfoPlist.strings in Resources */ = {isa = PBXBuildFile; fileRef = 186D098D19B7C4BC0044C3BB /* InfoPlist.strings */; };
		186D099119B7C4BD0044C3BB /* main.m in Sources */ = {isa = PBXBuildFile; fileRef = 186D099019B7C4BD0044C3BB /* main.m */; };
		186D099519B7C4BD0044C3BB /* CHAppDelegate.m in Sources */ = {isa = PBXBuildFile; fileRef = 186D099419B7C4BD0044C3BB /* CHAppDelegate.m */; };
		186D099819B7C4BD0044C3BB /* Main.storyboard in Resources */ = {isa = PBXBuildFile; fileRef = 186D099619B7C4BD0044C3BB /* Main.storyboard */; };
		186D099B19B7C4BD0044C3BB /* CHViewController.m in Sources */ = {isa = PBXBuildFile; fileRef = 186D099A19B7C4BD0044C3BB /* CHViewController.m */; };
		186D099D19B7C4BD0044C3BB /* Images.xcassets in Resources */ = {isa = PBXBuildFile; fileRef = 186D099C19B7C4BD0044C3BB /* Images.xcassets */; };
		186D09A419B7C4BD0044C3BB /* XCTest.framework in Frameworks */ = {isa = PBXBuildFile; fileRef = 186D09A319B7C4BD0044C3BB /* XCTest.framework */; };
		186D09A519B7C4BD0044C3BB /* Foundation.framework in Frameworks */ = {isa = PBXBuildFile; fileRef = 186D098419B7C4BC0044C3BB /* Foundation.framework */; };
		186D09A619B7C4BD0044C3BB /* UIKit.framework in Frameworks */ = {isa = PBXBuildFile; fileRef = 186D098819B7C4BC0044C3BB /* UIKit.framework */; };
		186D09AE19B7C4BF0044C3BB /* InfoPlist.strings in Resources */ = {isa = PBXBuildFile; fileRef = 186D09AC19B7C4BF0044C3BB /* InfoPlist.strings */; };
		186D09B019B7C4BF0044C3BB /* BullsEyeTests.m in Sources */ = {isa = PBXBuildFile; fileRef = 186D09AF19B7C4BF0044C3BB /* BullsEyeTests.m */; };
/* End PBXBuildFile section */

/* Begin PBXContainerItemProxy section */
		186D09A719B7C4BD0044C3BB /* PBXContainerItemProxy */ = {
			isa = PBXContainerItemProxy;
			containerPortal = 186D097919B7C4BA0044C3BB /* Project object */;
			proxyType = 1;
			remoteGlobalIDString = 186D098019B7C4BC0044C3BB;
			remoteInfo = BullsEye;
		};
/* End PBXContainerItemProxy section */

/* Begin PBXFileReference section */
		186D098119B7C4BC0044C3BB /* BullsEye.app */ = {isa = PBXFileReference; explicitFileType = wrapper.application; includeInIndex = 0; path = BullsEye.app; sourceTree = BUILT_PRODUCTS_DIR; };
		186D098419B7C4BC0044C3BB /* Foundation.framework */ = {isa = PBXFileReference; lastKnownFileType = wrapper.framework; name = Foundation.framework; path = System/Library/Frameworks/Foundation.framework; sourceTree = SDKROOT; };
		186D098619B7C4BC0044C3BB /* CoreGraphics.framework */ = {isa = PBXFileReference; lastKnownFileType = wrapper.framework; name = CoreGraphics.framework; path = System/Library/Frameworks/CoreGraphics.framework; sourceTree = SDKROOT; };
		186D098819B7C4BC0044C3BB /* UIKit.framework */ = {isa = PBXFileReference; lastKnownFileType = wrapper.framework; name = UIKit.framework; path = System/Library/Frameworks/UIKit.framework; sourceTree = SDKROOT; };
		186D098C19B7C4BC0044C3BB /* BullsEye-Info.plist */ = {isa = PBXFileReference; lastKnownFileType = text.plist.xml; path = "BullsEye-Info.plist"; sourceTree = "<group>"; };
		186D098E19B7C4BC0044C3BB /* en */ = {isa = PBXFileReference; lastKnownFileType = text.plist.strings; name = en; path = en.lproj/InfoPlist.strings; sourceTree = "<group>"; };
		186D099019B7C4BD0044C3BB /* main.m */ = {isa = PBXFileReference; lastKnownFileType = sourcecode.c.objc; path = main.m; sourceTree = "<group>"; };
		186D099219B7C4BD0044C3BB /* BullsEye-Prefix.pch */ = {isa = PBXFileReference; lastKnownFileType = sourcecode.c.h; path = "BullsEye-Prefix.pch"; sourceTree = "<group>"; };
		186D099319B7C4BD0044C3BB /* CHAppDelegate.h */ = {isa = PBXFileReference; lastKnownFileType = sourcecode.c.h; path = CHAppDelegate.h; sourceTree = "<group>"; };
		186D099419B7C4BD0044C3BB /* CHAppDelegate.m */ = {isa = PBXFileReference; lastKnownFileType = sourcecode.c.objc; path = CHAppDelegate.m; sourceTree = "<group>"; };
		186D099719B7C4BD0044C3BB /* Base */ = {isa = PBXFileReference; lastKnownFileType = file.storyboard; name = Base; path = Base.lproj/Main.storyboard; sourceTree = "<group>"; };
		186D099919B7C4BD0044C3BB /* CHViewController.h */ = {isa = PBXFileReference; lastKnownFileType = sourcecode.c.h; path = CHViewController.h; sourceTree = "<group>"; };
		186D099A19B7C4BD0044C3BB /* CHViewController.m */ = {isa = PBXFileReference; lastKnownFileType = sourcecode.c.objc; path = CHViewController.m; sourceTree = "<group>"; };
		186D099C19B7C4BD0044C3BB /* Images.xcassets */ = {isa = PBXFileReference; lastKnownFileType = folder.assetcatalog; path = Images.xcassets; sourceTree = "<group>"; };
		186D09A219B7C4BD0044C3BB /* BullsEyeTests.xctest */ = {isa = PBXFileReference; explicitFileType = wrapper.cfbundle; includeInIndex = 0; path = BullsEyeTests.xctest; sourceTree = BUILT_PRODUCTS_DIR; };
		186D09A319B7C4BD0044C3BB /* XCTest.framework */ = {isa = PBXFileReference; lastKnownFileType = wrapper.framework; name = XCTest.framework; path = Library/Frameworks/XCTest.framework; sourceTree = DEVELOPER_DIR; };
		186D09AB19B7C4BE0044C3BB /* BullsEyeTests-Info.plist */ = {isa = PBXFileReference; lastKnownFileType = text.plist.xml; path = "BullsEyeTests-Info.plist"; sourceTree = "<group>"; };
		186D09AD19B7C4BF0044C3BB /* en */ = {isa = PBXFileReference; lastKnownFileType = text.plist.strings; name = en; path = en.lproj/InfoPlist.strings; sourceTree = "<group>"; };
		186D09AF19B7C4BF0044C3BB /* BullsEyeTests.m */ = {isa = PBXFileReference; lastKnownFileType = sourcecode.c.objc; path = BullsEyeTests.m; sourceTree = "<group>"; };
/* End PBXFileReference section */

/* Begin PBXFrameworksBuildPhase section */
		186D097E19B7C4BC0044C3BB /* Frameworks */ = {
			isa = PBXFrameworksBuildPhase;
			buildActionMask = 2147483647;
			files = (
				186D098719B7C4BC0044C3BB /* CoreGraphics.framework in Frameworks */,
				186D098919B7C4BC0044C3BB /* UIKit.framework in Frameworks */,
				186D098519B7C4BC0044C3BB /* Foundation.framework in Frameworks */,
			);
			runOnlyForDeploymentPostprocessing = 0;
		};
		186D099F19B7C4BD0044C3BB /* Frameworks */ = {
			isa = PBXFrameworksBuildPhase;
			buildActionMask = 2147483647;
			files = (
				186D09A419B7C4BD0044C3BB /* XCTest.framework in Frameworks */,
				186D09A619B7C4BD0044C3BB /* UIKit.framework in Frameworks */,
				186D09A519B7C4BD0044C3BB /* Foundation.framework in Frameworks */,
			);
			runOnlyForDeploymentPostprocessing = 0;
		};
/* End PBXFrameworksBuildPhase section */

/* Begin PBXGroup section */
		186D097819B7C4BA0044C3BB = {
			isa = PBXGroup;
			children = (
				186D098A19B7C4BC0044C3BB /* BullsEye */,
				186D09A919B7C4BD0044C3BB /* BullsEyeTests */,
				186D098319B7C4BC0044C3BB /* Frameworks */,
				186D098219B7C4BC0044C3BB /* Products */,
			);
			sourceTree = "<group>";
		};
		186D098219B7C4BC0044C3BB /* Products */ = {
			isa = PBXGroup;
			children = (
				186D098119B7C4BC0044C3BB /* BullsEye.app */,
				186D09A219B7C4BD0044C3BB /* BullsEyeTests.xctest */,
			);
			name = Products;
			sourceTree = "<group>";
		};
		186D098319B7C4BC0044C3BB /* Frameworks */ = {
			isa = PBXGroup;
			children = (
				186D098419B7C4BC0044C3BB /* Foundation.framework */,
				186D098619B7C4BC0044C3BB /* CoreGraphics.framework */,
				186D098819B7C4BC0044C3BB /* UIKit.framework */,
				186D09A319B7C4BD0044C3BB /* XCTest.framework */,
			);
			name = Frameworks;
			sourceTree = "<group>";
		};
		186D098A19B7C4BC0044C3BB /* BullsEye */ = {
			isa = PBXGroup;
			children = (
				186D099319B7C4BD0044C3BB /* CHAppDelegate.h */,
				186D099419B7C4BD0044C3BB /* CHAppDelegate.m */,
				186D099619B7C4BD0044C3BB /* Main.storyboard */,
				186D099919B7C4BD0044C3BB /* CHViewController.h */,
				186D099A19B7C4BD0044C3BB /* CHViewController.m */,
				186D099C19B7C4BD0044C3BB /* Images.xcassets */,
				186D098B19B7C4BC0044C3BB /* Supporting Files */,
			);
			path = BullsEye;
			sourceTree = "<group>";
		};
		186D098B19B7C4BC0044C3BB /* Supporting Files */ = {
			isa = PBXGroup;
			children = (
				186D098C19B7C4BC0044C3BB /* BullsEye-Info.plist */,
				186D098D19B7C4BC0044C3BB /* InfoPlist.strings */,
				186D099019B7C4BD0044C3BB /* main.m */,
				186D099219B7C4BD0044C3BB /* BullsEye-Prefix.pch */,
			);
			name = "Supporting Files";
			sourceTree = "<group>";
		};
		186D09A919B7C4BD0044C3BB /* BullsEyeTests */ = {
			isa = PBXGroup;
			children = (
				186D09AF19B7C4BF0044C3BB /* BullsEyeTests.m */,
				186D09AA19B7C4BE0044C3BB /* Supporting Files */,
			);
			path = BullsEyeTests;
			sourceTree = "<group>";
		};
		186D09AA19B7C4BE0044C3BB /* Supporting Files */ = {
			isa = PBXGroup;
			children = (
				186D09AB19B7C4BE0044C3BB /* BullsEyeTests-Info.plist */,
				186D09AC19B7C4BF0044C3BB /* InfoPlist.strings */,
			);
			name = "Supporting Files";
			sourceTree = "<group>";
		};
/* End PBXGroup section */

/* Begin PBXNativeTarget section */
		186D098019B7C4BC0044C3BB /* BullsEye */ = {
			isa = PBXNativeTarget;
			buildConfigurationList = 186D09B319B7C4BF0044C3BB /* Build configuration list for PBXNativeTarget "BullsEye" */;
			buildPhases = (
				186D097D19B7C4BC0044C3BB /* Sources */,
				186D097E19B7C4BC0044C3BB /* Frameworks */,
				186D097F19B7C4BC0044C3BB /* Resources */,
			);
			buildRules = (
			);
			dependencies = (
			);
			name = BullsEye;
			productName = BullsEye;
			productReference = 186D098119B7C4BC0044C3BB /* BullsEye.app */;
			productType = "com.apple.product-type.application";
		};
		186D09A119B7C4BD0044C3BB /* BullsEyeTests */ = {
			isa = PBXNativeTarget;
			buildConfigurationList = 186D09B619B7C4BF0044C3BB /* Build configuration list for PBXNativeTarget "BullsEyeTests" */;
			buildPhases = (
				186D099E19B7C4BD0044C3BB /* Sources */,
				186D099F19B7C4BD0044C3BB /* Frameworks */,
				186D09A019B7C4BD0044C3BB /* Resources */,
			);
			buildRules = (
			);
			dependencies = (
				186D09A819B7C4BD0044C3BB /* PBXTargetDependency */,
			);
			name = BullsEyeTests;
			productName = BullsEyeTests;
			productReference = 186D09A219B7C4BD0044C3BB /* BullsEyeTests.xctest */;
			productType = "com.apple.product-type.bundle.unit-test";
		};
/* End PBXNativeTarget section */

/* Begin PBXProject section */
		186D097919B7C4BA0044C3BB /* Project object */ = {
			isa = PBXProject;
			attributes = {
				CLASSPREFIX = CH;
				LastUpgradeCheck = 0510;
				ORGANIZATIONNAME = "Cyrus Huang";
				TargetAttributes = {
					186D09A119B7C4BD0044C3BB = {
						TestTargetID = 186D098019B7C4BC0044C3BB;
					};
				};
			};
			buildConfigurationList = 186D097C19B7C4BA0044C3BB /* Build configuration list for PBXProject "BullsEye" */;
			compatibilityVersion = "Xcode 3.2";
			developmentRegion = English;
			hasScannedForEncodings = 0;
			knownRegions = (
				en,
				Base,
			);
			mainGroup = 186D097819B7C4BA0044C3BB;
			productRefGroup = 186D098219B7C4BC0044C3BB /* Products */;
			projectDirPath = "";
			projectRoot = "";
			targets = (
				186D098019B7C4BC0044C3BB /* BullsEye */,
				186D09A119B7C4BD0044C3BB /* BullsEyeTests */,
			);
		};
/* End PBXProject section */

/* Begin PBXResourcesBuildPhase section */
		186D097F19B7C4BC0044C3BB /* Resources */ = {
			isa = PBXResourcesBuildPhase;
			buildActionMask = 2147483647;
			files = (
				186D099D19B7C4BD0044C3BB /* Images.xcassets in Resources */,
				186D098F19B7C4BC0044C3BB /* InfoPlist.strings in Resources */,
				186D099819B7C4BD0044C3BB /* Main.storyboard in Resources */,
			);
			runOnlyForDeploymentPostprocessing = 0;
		};
		186D09A019B7C4BD0044C3BB /* Resources */ = {
			isa = PBXResourcesBuildPhase;
			buildActionMask = 2147483647;
			files = (
				186D09AE19B7C4BF0044C3BB /* InfoPlist.strings in Resources */,
			);
			runOnlyForDeploymentPostprocessing = 0;
		};
/* End PBXResourcesBuildPhase section */

/* Begin PBXSourcesBuildPhase section */
		186D097D19B7C4BC0044C3BB /* Sources */ = {
			isa = PBXSourcesBuildPhase;
			buildActionMask = 2147483647;
			files = (
				186D099119B7C4BD0044C3BB /* main.m in Sources */,
				186D099519B7C4BD0044C3BB /* CHAppDelegate.m in Sources */,
				186D099B19B7C4BD0044C3BB /* CHViewController.m in Sources */,
			);
			runOnlyForDeploymentPostprocessing = 0;
		};
		186D099E19B7C4BD0044C3BB /* Sources */ = {
			isa = PBXSourcesBuildPhase;
			buildActionMask = 2147483647;
			files = (
				186D09B019B7C4BF0044C3BB /* BullsEyeTests.m in Sources */,
			);
			runOnlyForDeploymentPostprocessing = 0;
		};
/* End PBXSourcesBuildPhase section */

/* Begin PBXTargetDependency section */
		186D09A819B7C4BD0044C3BB /* PBXTargetDependency */ = {
			isa = PBXTargetDependency;
			target = 186D098019B7C4BC0044C3BB /* BullsEye */;
			targetProxy = 186D09A719B7C4BD0044C3BB /* PBXContainerItemProxy */;
		};
/* End PBXTargetDependency section */

/* Begin PBXVariantGroup section */
		186D098D19B7C4BC0044C3BB /* InfoPlist.strings */ = {
			isa = PBXVariantGroup;
			children = (
				186D098E19B7C4BC0044C3BB /* en */,
			);
			name = InfoPlist.strings;
			sourceTree = "<group>";
		};
		186D099619B7C4BD0044C3BB /* Main.storyboard */ = {
			isa = PBXVariantGroup;
			children = (
				186D099719B7C4BD0044C3BB /* Base */,
			);
			name = Main.storyboard;
			sourceTree = "<group>";
		};
		186D09AC19B7C4BF0044C3BB /* InfoPlist.strings */ = {
			isa = PBXVariantGroup;
			children = (
				186D09AD19B7C4BF0044C3BB /* en */,
			);
			name = InfoPlist.strings;
			sourceTree = "<group>";
		};
/* End PBXVariantGroup section */

/* Begin XCBuildConfiguration section */
		186D09B119B7C4BF0044C3BB /* Debug */ = {
			isa = XCBuildConfiguration;
			buildSettings = {
				ALWAYS_SEARCH_USER_PATHS = NO;
				CLANG_CXX_LANGUAGE_STANDARD = "gnu++0x";
				CLANG_CXX_LIBRARY = "libc++";
				CLANG_ENABLE_MODULES = YES;
				CLANG_ENABLE_OBJC_ARC = YES;
				CLANG_WARN_BOOL_CONVERSION = YES;
				CLANG_WARN_CONSTANT_CONVERSION = YES;
				CLANG_WARN_DIRECT_OBJC_ISA_USAGE = YES_ERROR;
				CLANG_WARN_EMPTY_BODY = YES;
				CLANG_WARN_ENUM_CONVERSION = YES;
				CLANG_WARN_INT_CONVERSION = YES;
				CLANG_WARN_OBJC_ROOT_CLASS = YES_ERROR;
				CLANG_WARN__DUPLICATE_METHOD_MATCH = YES;
				"CODE_SIGN_IDENTITY[sdk=iphoneos*]" = "iPhone Developer";
				COPY_PHASE_STRIP = NO;
				GCC_C_LANGUAGE_STANDARD = gnu99;
				GCC_DYNAMIC_NO_PIC = NO;
				GCC_OPTIMIZATION_LEVEL = 0;
				GCC_PREPROCESSOR_DEFINITIONS = (
					"DEBUG=1",
					"$(inherited)",
				);
				GCC_SYMBOLS_PRIVATE_EXTERN = NO;
				GCC_WARN_64_TO_32_BIT_CONVERSION = YES;
				GCC_WARN_ABOUT_RETURN_TYPE = YES_ERROR;
				GCC_WARN_UNDECLARED_SELECTOR = YES;
				GCC_WARN_UNINITIALIZED_AUTOS = YES_AGGRESSIVE;
				GCC_WARN_UNUSED_FUNCTION = YES;
				GCC_WARN_UNUSED_VARIABLE = YES;
				IPHONEOS_DEPLOYMENT_TARGET = 7.1;
				ONLY_ACTIVE_ARCH = YES;
				SDKROOT = iphoneos;
			};
			name = Debug;
		};
		186D09B219B7C4BF0044C3BB /* Release */ = {
			isa = XCBuildConfiguration;
			buildSettings = {
				ALWAYS_SEARCH_USER_PATHS = NO;
				CLANG_CXX_LANGUAGE_STANDARD = "gnu++0x";
				CLANG_CXX_LIBRARY = "libc++";
				CLANG_ENABLE_MODULES = YES;
				CLANG_ENABLE_OBJC_ARC = YES;
				CLANG_WARN_BOOL_CONVERSION = YES;
				CLANG_WARN_CONSTANT_CONVERSION = YES;
				CLANG_WARN_DIRECT_OBJC_ISA_USAGE = YES_ERROR;
				CLANG_WARN_EMPTY_BODY = YES;
				CLANG_WARN_ENUM_CONVERSION = YES;
				CLANG_WARN_INT_CONVERSION = YES;
				CLANG_WARN_OBJC_ROOT_CLASS = YES_ERROR;
				CLANG_WARN__DUPLICATE_METHOD_MATCH = YES;
				"CODE_SIGN_IDENTITY[sdk=iphoneos*]" = "iPhone Developer";
				COPY_PHASE_STRIP = YES;
				ENABLE_NS_ASSERTIONS = NO;
				GCC_C_LANGUAGE_STANDARD = gnu99;
				GCC_WARN_64_TO_32_BIT_CONVERSION = YES;
				GCC_WARN_ABOUT_RETURN_TYPE = YES_ERROR;
				GCC_WARN_UNDECLARED_SELECTOR = YES;
				GCC_WARN_UNINITIALIZED_AUTOS = YES_AGGRESSIVE;
				GCC_WARN_UNUSED_FUNCTION = YES;
				GCC_WARN_UNUSED_VARIABLE = YES;
				IPHONEOS_DEPLOYMENT_TARGET = 7.1;
				SDKROOT = iphoneos;
				VALIDATE_PRODUCT = YES;
			};
			name = Release;
		};
		186D09B419B7C4BF0044C3BB /* Debug */ = {
			isa = XCBuildConfiguration;
			buildSettings = {
				ASSETCATALOG_COMPILER_APPICON_NAME = AppIcon;
				ASSETCATALOG_COMPILER_LAUNCHIMAGE_NAME = LaunchImage;
				GCC_PRECOMPILE_PREFIX_HEADER = YES;
				GCC_PREFIX_HEADER = "BullsEye/BullsEye-Prefix.pch";
				INFOPLIST_FILE = "BullsEye/BullsEye-Info.plist";
				PRODUCT_NAME = "$(TARGET_NAME)";
				WRAPPER_EXTENSION = app;
			};
			name = Debug;
		};
		186D09B519B7C4BF0044C3BB /* Release */ = {
			isa = XCBuildConfiguration;
			buildSettings = {
				ASSETCATALOG_COMPILER_APPICON_NAME = AppIcon;
				ASSETCATALOG_COMPILER_LAUNCHIMAGE_NAME = LaunchImage;
				GCC_PRECOMPILE_PREFIX_HEADER = YES;
				GCC_PREFIX_HEADER = "BullsEye/BullsEye-Prefix.pch";
				INFOPLIST_FILE = "BullsEye/BullsEye-Info.plist";
				PRODUCT_NAME = "$(TARGET_NAME)";
				WRAPPER_EXTENSION = app;
			};
			name = Release;
		};
		186D09B719B7C4BF0044C3BB /* Debug */ = {
			isa = XCBuildConfiguration;
			buildSettings = {
				BUNDLE_LOADER = "$(BUILT_PRODUCTS_DIR)/BullsEye.app/BullsEye";
				FRAMEWORK_SEARCH_PATHS = (
					"$(SDKROOT)/Developer/Library/Frameworks",
					"$(inherited)",
					"$(DEVELOPER_FRAMEWORKS_DIR)",
				);
				GCC_PRECOMPILE_PREFIX_HEADER = YES;
				GCC_PREFIX_HEADER = "BullsEye/BullsEye-Prefix.pch";
				GCC_PREPROCESSOR_DEFINITIONS = (
					"DEBUG=1",
					"$(inherited)",
				);
				INFOPLIST_FILE = "BullsEyeTests/BullsEyeTests-Info.plist";
				PRODUCT_NAME = "$(TARGET_NAME)";
				TEST_HOST = "$(BUNDLE_LOADER)";
				WRAPPER_EXTENSION = xctest;
			};
			name = Debug;
		};
		186D09B819B7C4BF0044C3BB /* Release */ = {
			isa = XCBuildConfiguration;
			buildSettings = {
				BUNDLE_LOADER = "$(BUILT_PRODUCTS_DIR)/BullsEye.app/BullsEye";
				FRAMEWORK_SEARCH_PATHS = (
					"$(SDKROOT)/Developer/Library/Frameworks",
					"$(inherited)",
					"$(DEVELOPER_FRAMEWORKS_DIR)",
				);
				GCC_PRECOMPILE_PREFIX_HEADER = YES;
				GCC_PREFIX_HEADER = "BullsEye/BullsEye-Prefix.pch";
				INFOPLIST_FILE = "BullsEyeTests/BullsEyeTests-Info.plist";
				PRODUCT_NAME = "$(TARGET_NAME)";
				TEST_HOST = "$(BUNDLE_LOADER)";
				WRAPPER_EXTENSION = xctest;
			};
			name = Release;
		};
/* End XCBuildConfiguration section */

/* Begin XCConfigurationList section */
		186D097C19B7C4BA0044C3BB /* Build configuration list for PBXProject "BullsEye" */ = {
			isa = XCConfigurationList;
			buildConfigurations = (
				186D09B119B7C4BF0044C3BB /* Debug */,
				186D09B219B7C4BF0044C3BB /* Release */,
			);
			defaultConfigurationIsVisible = 0;
			defaultConfigurationName = Release;
		};
		186D09B319B7C4BF0044C3BB /* Build configuration list for PBXNativeTarget "BullsEye" */ = {
			isa = XCConfigurationList;
			buildConfigurations = (
				186D09B419B7C4BF0044C3BB /* Debug */,
				186D09B519B7C4BF0044C3BB /* Release */,
			);
			defaultConfigurationIsVisible = 0;
		};
		186D09B619B7C4BF0044C3BB /* Build configuration list for PBXNativeTarget "BullsEyeTests" */ = {
			isa = XCConfigurationList;
			buildConfigurations = (
				186D09B719B7C4BF0044C3BB /* Debug */,
				186D09B819B7C4BF0044C3BB /* Release */,
			);
			defaultConfigurationIsVisible = 0;
		};
/* End XCConfigurationList section */
	};
	rootObject = 186D097919B7C4BA0044C3BB /* Project object */;
}
